{
  "version": "5",
  "specifiers": {
    "jsr:@grammyjs/debug@~0.3.1": "0.3.1",
    "jsr:@grammyjs/grammy@2.0.0-beta.7": "2.0.0-beta.7"
  },
  "jsr": {
    "@grammyjs/debug@0.3.1": {
      "integrity": "99e6269421782881829771082362dde8c732f3201e64fea7f92d648f53baff2d"
    },
    "@grammyjs/grammy@2.0.0-beta.7": {
      "integrity": "077783c4a5571fbe2195520b1fffcf948d9e8e14e833f3bc38dc858134651344",
      "dependencies": [
        "jsr:@grammyjs/debug"
      ]
    }
  },
  "workspace": {
    "dependencies": [
      "jsr:@grammyjs/grammy@2.0.0-beta.7"
    ]
  }
}
