{
  "version": "5",
  "specifiers": {
    "jsr:@grammyjs/debug@~0.3.1": "0.3.1",
    "jsr:@grammyjs/grammy@2.0.0-beta.7": "2.0.0-beta.7",
    "jsr:@hono/hono@^4.13.1": "4.13.1"
  },
  "jsr": {
    "@grammyjs/debug@0.3.1": {
      "integrity": "99e6269421782881829771082362dde8c732f3201e64fea7f92d648f53baff2d"
    },
    "@grammyjs/grammy@2.0.0-beta.7": {
      "integrity": "077783c4a5571fbe2195520b1fffcf948d9e8e14e833f3bc38dc858134651344",
      "dependencies": [
        "jsr:@grammyjs/debug"
      ]
    },
    "@hono/hono@4.13.1": {
      "integrity": "36e130f7c3a07d2938d0960c3c726e71ff15becdf999512949bc69884b6afb65"
    }
  },
  "workspace": {
    "dependencies": [
      "jsr:@grammyjs/grammy@2.0.0-beta.7",
      "jsr:@hono/hono@^4.13.1"
    ]
  }
}
